
Microsoft Visual Studio Solution File, Format Version 12.00
# Visual Studio 15
Project("{FAE04EC0-301F-11D3-BF4B-00C04F79EFBC}") = "MyWebPRoject", "MyWebPRoject\MyWebPRoject.csproj", "{EDD2848A-0098-4D1B-B3F4-03C793BDFAF7}"
EndProject
Global
	GlobalSection(SolutionConfigurationPlatforms) = preSolution
		Debug|Any CPU = Debug|Any CPU
		Release|Any CPU = Release|Any CPU
	EndGlobalSection
	GlobalSection(ProjectConfigurationPlatforms) = postSolution
		{EDD2848A-0098-4D1B-B3F4-03C793BDFAF7}.Debug|Any CPU.ActiveCfg = Debug|Any CPU
		{EDD2848A-0098-4D1B-B3F4-03C793BDFAF7}.Debug|Any CPU.Build.0 = Debug|Any CPU
		{EDD2848A-0098-4D1B-B3F4-03C793BDFAF7}.Release|Any CPU.ActiveCfg = Release|Any CPU
		{EDD2848A-0098-4D1B-B3F4-03C793BDFAF7}.Release|Any CPU.Build.0 = Release|Any CPU
	EndGlobalSection
EndGlobal
